
Microsoft Visual Studio Solution File, Format Version 12.00
# Visual Studio Version 16
VisualStudioVersion = 16.0.30523.141
MinimumVisualStudioVersion = 10.0.40219.1
Project("{FAE04EC0-301F-11D3-BF4B-00C04F79EFBC}") = "CoreTestApp", "CoreTestApp\CoreTestApp.csproj", "{1BCD3414-C1CA-4BB4-A4CF-764A292D6C5B}"
EndProject
Global
	GlobalSection(SolutionConfigurationPlatforms) = preSolution
		Debug|Any CPU = Debug|Any CPU
		Release|Any CPU = Release|Any CPU
	EndGlobalSection
	GlobalSection(ProjectConfigurationPlatforms) = postSolution
		{1BCD3414-C1CA-4BB4-A4CF-764A292D6C5B}.Debug|Any CPU.ActiveCfg = Debug|Any CPU
		{1BCD3414-C1CA-4BB4-A4CF-764A292D6C5B}.Debug|Any CPU.Build.0 = Debug|Any CPU
		{1BCD3414-C1CA-4BB4-A4CF-764A292D6C5B}.Release|Any CPU.ActiveCfg = Release|Any CPU
		{1BCD3414-C1CA-4BB4-A4CF-764A292D6C5B}.Release|Any CPU.Build.0 = Release|Any CPU
	EndGlobalSection
	GlobalSection(SolutionProperties) = preSolution
		HideSolutionNode = FALSE
	EndGlobalSection
	GlobalSection(ExtensibilityGlobals) = postSolution
		SolutionGuid = {66F2E51E-0247-44C6-B466-8815618710E9}
	EndGlobalSection
EndGlobal
